
Microsoft Visual Studio Solution File, Format Version 12.00
# Visual Studio 15
VisualStudioVersion = 15.0.28307.106
MinimumVisualStudioVersion = 10.0.40219.1
Project("{FAE04EC0-301F-11D3-BF4B-00C04F79EFBC}") = "Les2-dotNet", "Les2-dotNet\Les2-dotNet.csproj", "{86BEF665-8A62-4550-B5B5-1DE3A347A9E2}"
EndProject
Global
	GlobalSection(SolutionConfigurationPlatforms) = preSolution
		Debug|Any CPU = Debug|Any CPU
		Release|Any CPU = Release|Any CPU
	EndGlobalSection
	GlobalSection(ProjectConfigurationPlatforms) = postSolution
		{86BEF665-8A62-4550-B5B5-1DE3A347A9E2}.Debug|Any CPU.ActiveCfg = Debug|Any CPU
		{86BEF665-8A62-4550-B5B5-1DE3A347A9E2}.Debug|Any CPU.Build.0 = Debug|Any CPU
		{86BEF665-8A62-4550-B5B5-1DE3A347A9E2}.Release|Any CPU.ActiveCfg = Release|Any CPU
		{86BEF665-8A62-4550-B5B5-1DE3A347A9E2}.Release|Any CPU.Build.0 = Release|Any CPU
	EndGlobalSection
	GlobalSection(SolutionProperties) = preSolution
		HideSolutionNode = FALSE
	EndGlobalSection
	GlobalSection(ExtensibilityGlobals) = postSolution
		SolutionGuid = {E0692B03-B760-4379-98C6-A461B1C491BC}
	EndGlobalSection
EndGlobal
